
Microsoft Visual Studio Solution File, Format Version 12.00
# Visual Studio Version 17
VisualStudioVersion = 17.4.33205.214
MinimumVisualStudioVersion = 10.0.40219.1
Project("{FAE04EC0-301F-11D3-BF4B-00C04F79EFBC}") = "GitIQT", "GitIQT\GitIQT.csproj", "{9EE02E45-CFD1-4029-A18C-F102C341262B}"
EndProject
Global
	GlobalSection(SolutionConfigurationPlatforms) = preSolution
		Debug|Any CPU = Debug|Any CPU
		Release|Any CPU = Release|Any CPU
	EndGlobalSection
	GlobalSection(ProjectConfigurationPlatforms) = postSolution
		{9EE02E45-CFD1-4029-A18C-F102C341262B}.Debug|Any CPU.ActiveCfg = Debug|Any CPU
		{9EE02E45-CFD1-4029-A18C-F102C341262B}.Debug|Any CPU.Build.0 = Debug|Any CPU
		{9EE02E45-CFD1-4029-A18C-F102C341262B}.Release|Any CPU.ActiveCfg = Release|Any CPU
		{9EE02E45-CFD1-4029-A18C-F102C341262B}.Release|Any CPU.Build.0 = Release|Any CPU
	EndGlobalSection
	GlobalSection(SolutionProperties) = preSolution
		HideSolutionNode = FALSE
	EndGlobalSection
	GlobalSection(ExtensibilityGlobals) = postSolution
		SolutionGuid = {A56FB067-E54A-4748-BE95-10608502DC8D}
	EndGlobalSection
EndGlobal
